{
  "name": "ai-devops-commander",
  "version": "0.0.1",
  "lockfileVersion": 3,
  "requires": true,
  "packages": {
    "": {
      "name": "ai-devops-commander",
      "version": "0.0.1",
      "workspaces": [
        "apps/*",
        "packages/*"
      ],
      "engines": {
        "node": ">=18.18.0"
      }
    },
    "node_modules/@ai-devops/shared": {
      "resolved": "packages/shared",
      "link": true
    },
    "packages/shared": {
      "name": "@ai-devops/shared",
      "version": "0.0.1"
    }
  }
}
